{
    "_meta": {
        "hash": {
            "sha256": "7b1be43bce42eaed007e9be25e85b5470593eb44b0025abefdd6e612d2940b12"
        },
        "pipfile-spec": 6,
        "requires": {
            "python_version": "3.7"
        },
        "sources": [
            {
                "name": "pypi",
                "url": "https://pypi.org/simple",
                "verify_ssl": true
            }
        ]
    },
    "default": {
        "54fc45f": {
            "path": "./../plug1/libs/plug-0.0.20"
        },
        "crypto-kiwis": {
            "editable": true,
            "path": "."
        },
        "plug-api": {
            "path": "./../plug1/libs/plug-api-1.6.1"
        }
    },
    "develop": {}
}
